{
  "version": 4,
  "terraform_version": "1.9.1",
  "serial": 63,
  "lineage": "df76b688-d787-9a3e-51ab-8fb933d099cf",
  "outputs": {
    "lambda_function_name": {
      "value": "TextToSpeechFunction-01f5679db634e2c9",
      "type": "string"
    }
  },
  "resources": [
    {
      "mode": "managed",
      "type": "aws_iam_role",
      "name": "lambda_role",
      "provider": "provider[\"registry.terraform.io/hashicorp/aws\"]",
      "instances": [
        {
          "schema_version": 0,
          "attributes": {
            "arn": "arn:aws:iam::211125502061:role/lambda-execution-role",
            "assume_role_policy": "{\"Statement\":[{\"Action\":\"sts:AssumeRole\",\"Effect\":\"Allow\",\"Principal\":{\"Service\":\"lambda.amazonaws.com\"},\"Sid\":\"\"}],\"Version\":\"2012-10-17\"}",
            "create_date": "2025-06-16T20:57:05Z",
            "description": "",
            "force_detach_policies": false,
            "id": "lambda-execution-role",
            "inline_policy": [],
            "managed_policy_arns": [
              "arn:aws:iam::aws:policy/AmazonPollyFullAccess",
              "arn:aws:iam::aws:policy/AmazonS3FullAccess",
              "arn:aws:iam::aws:policy/service-role/AWSLambdaBasicExecutionRole"
            ],
            "max_session_duration": 3600,
            "name": "lambda-execution-role",
            "name_prefix": "",
            "path": "/",
            "permissions_boundary": "",
            "tags": {},
            "tags_all": {},
            "unique_id": "AROATCKAPQBWX754NYQRH"
          },
          "sensitive_attributes": [],
          "private": "bnVsbA=="
        }
      ]
    },
    {
      "mode": "managed",
      "type": "aws_iam_role_policy_attachment",
      "name": "lambda_policy_attach",
      "provider": "provider[\"registry.terraform.io/hashicorp/aws\"]",
      "instances": [
        {
          "schema_version": 0,
          "attributes": {
            "id": "lambda-execution-role-20250616205706393900000003",
            "policy_arn": "arn:aws:iam::aws:policy/service-role/AWSLambdaBasicExecutionRole",
            "role": "lambda-execution-role"
          },
          "sensitive_attributes": [],
          "private": "bnVsbA==",
          "dependencies": [
            "aws_iam_role.lambda_role"
          ]
        }
      ]
    },
    {
      "mode": "managed",
      "type": "aws_iam_role_policy_attachment",
      "name": "polly_policy_attach",
      "provider": "provider[\"registry.terraform.io/hashicorp/aws\"]",
      "instances": [
        {
          "schema_version": 0,
          "attributes": {
            "id": "lambda-execution-role-20250616205706348700000001",
            "policy_arn": "arn:aws:iam::aws:policy/AmazonPollyFullAccess",
            "role": "lambda-execution-role"
          },
          "sensitive_attributes": [],
          "private": "bnVsbA==",
          "dependencies": [
            "aws_iam_role.lambda_role"
          ]
        }
      ]
    },
    {
      "mode": "managed",
      "type": "aws_iam_role_policy_attachment",
      "name": "s3_policy_attach",
      "provider": "provider[\"registry.terraform.io/hashicorp/aws\"]",
      "instances": [
        {
          "schema_version": 0,
          "attributes": {
            "id": "lambda-execution-role-20250616205706385300000002",
            "policy_arn": "arn:aws:iam::aws:policy/AmazonS3FullAccess",
            "role": "lambda-execution-role"
          },
          "sensitive_attributes": [],
          "private": "bnVsbA==",
          "dependencies": [
            "aws_iam_role.lambda_role"
          ]
        }
      ]
    },
    {
      "mode": "managed",
      "type": "aws_lambda_function",
      "name": "tts_lambda",
      "provider": "provider[\"registry.terraform.io/hashicorp/aws\"]",
      "instances": [
        {
          "schema_version": 0,
          "attributes": {
            "architectures": [
              "x86_64"
            ],
            "arn": "arn:aws:lambda:ca-central-1:211125502061:function:TextToSpeechFunction-01f5679db634e2c9",
            "code_sha256": "5YJs45ZZ0FZyK1BgMnI+hvEEBDDV3sI+hCZH25/Zq30=",
            "code_signing_config_arn": "",
            "dead_letter_config": [],
            "description": "",
            "environment": [
              {
                "variables": {
                  "BUCKET_NAME": "my-bucket-output-01f5679db634e2c9"
                }
              }
            ],
            "ephemeral_storage": [
              {
                "size": 512
              }
            ],
            "file_system_config": [],
            "filename": "lambda_function.zip",
            "function_name": "TextToSpeechFunction-01f5679db634e2c9",
            "handler": "lambda_function.lambda_handler",
            "id": "TextToSpeechFunction-01f5679db634e2c9",
            "image_config": [],
            "image_uri": "",
            "invoke_arn": "arn:aws:apigateway:ca-central-1:lambda:path/2015-03-31/functions/arn:aws:lambda:ca-central-1:211125502061:function:TextToSpeechFunction-01f5679db634e2c9/invocations",
            "kms_key_arn": "",
            "last_modified": "2025-06-16T21:21:11.000+0000",
            "layers": [],
            "logging_config": [
              {
                "application_log_level": "",
                "log_format": "Text",
                "log_group": "/aws/lambda/TextToSpeechFunction-01f5679db634e2c9",
                "system_log_level": ""
              }
            ],
            "memory_size": 128,
            "package_type": "Zip",
            "publish": false,
            "qualified_arn": "arn:aws:lambda:ca-central-1:211125502061:function:TextToSpeechFunction-01f5679db634e2c9:$LATEST",
            "qualified_invoke_arn": "arn:aws:apigateway:ca-central-1:lambda:path/2015-03-31/functions/arn:aws:lambda:ca-central-1:211125502061:function:TextToSpeechFunction-01f5679db634e2c9:$LATEST/invocations",
            "replace_security_groups_on_destroy": null,
            "replacement_security_group_ids": null,
            "reserved_concurrent_executions": -1,
            "role": "arn:aws:iam::211125502061:role/lambda-execution-role",
            "runtime": "python3.8",
            "s3_bucket": null,
            "s3_key": null,
            "s3_object_version": null,
            "signing_job_arn": "",
            "signing_profile_version_arn": "",
            "skip_destroy": false,
            "snap_start": [],
            "source_code_hash": "5YJs45ZZ0FZyK1BgMnI+hvEEBDDV3sI+hCZH25/Zq30=",
            "source_code_size": 576,
            "tags": {},
            "tags_all": {},
            "timeout": 15,
            "timeouts": null,
            "tracing_config": [
              {
                "mode": "PassThrough"
              }
            ],
            "version": "$LATEST",
            "vpc_config": []
          },
          "sensitive_attributes": [],
          "private": "eyJlMmJmYjczMC1lY2FhLTExZTYtOGY4OC0zNDM2M2JjN2M0YzAiOnsiY3JlYXRlIjo2MDAwMDAwMDAwMDAsImRlbGV0ZSI6NjAwMDAwMDAwMDAwLCJ1cGRhdGUiOjYwMDAwMDAwMDAwMH19",
          "dependencies": [
            "aws_iam_role.lambda_role",
            "aws_s3_bucket.tts_bucket",
            "random_id.bucket_id"
          ]
        }
      ]
    },
    {
      "mode": "managed",
      "type": "aws_lambda_permission",
      "name": "allow_invoke",
      "provider": "provider[\"registry.terraform.io/hashicorp/aws\"]",
      "instances": [
        {
          "schema_version": 0,
          "attributes": {
            "action": "lambda:InvokeFunction",
            "event_source_token": null,
            "function_name": "TextToSpeechFunction-01f5679db634e2c9",
            "function_url_auth_type": null,
            "id": "AllowExecutionFromInvoke",
            "principal": "lambda.amazonaws.com",
            "principal_org_id": null,
            "qualifier": "",
            "source_account": null,
            "source_arn": null,
            "statement_id": "AllowExecutionFromInvoke",
            "statement_id_prefix": ""
          },
          "sensitive_attributes": [],
          "private": "bnVsbA==",
          "dependencies": [
            "aws_iam_role.lambda_role",
            "aws_lambda_function.tts_lambda",
            "aws_s3_bucket.tts_bucket",
            "random_id.bucket_id"
          ]
        }
      ]
    },
    {
      "mode": "managed",
      "type": "aws_s3_bucket",
      "name": "tts_bucket",
      "provider": "provider[\"registry.terraform.io/hashicorp/aws\"]",
      "instances": [
        {
          "schema_version": 0,
          "attributes": {
            "acceleration_status": "",
            "acl": null,
            "arn": "arn:aws:s3:::my-bucket-output-01f5679db634e2c9",
            "bucket": "my-bucket-output-01f5679db634e2c9",
            "bucket_domain_name": "my-bucket-output-01f5679db634e2c9.s3.amazonaws.com",
            "bucket_prefix": "",
            "bucket_regional_domain_name": "my-bucket-output-01f5679db634e2c9.s3.ca-central-1.amazonaws.com",
            "cors_rule": [],
            "force_destroy": true,
            "grant": [
              {
                "id": "6375b65ad0e8109c3edbb8bd9d9d517dda9460a8d810e4f972f1b1c988b47c63",
                "permissions": [
                  "FULL_CONTROL"
                ],
                "type": "CanonicalUser",
                "uri": ""
              }
            ],
            "hosted_zone_id": "Z1QDHH18159H29",
            "id": "my-bucket-output-01f5679db634e2c9",
            "lifecycle_rule": [],
            "logging": [],
            "object_lock_configuration": [],
            "object_lock_enabled": false,
            "policy": "{\"Statement\":[{\"Action\":\"s3:PutObject\",\"Effect\":\"Allow\",\"Principal\":{\"AWS\":\"arn:aws:iam::211125502061:role/lambda-execution-role\"},\"Resource\":\"arn:aws:s3:::my-bucket-output-01f5679db634e2c9/*\"}],\"Version\":\"2012-10-17\"}",
            "region": "ca-central-1",
            "replication_configuration": [],
            "request_payer": "BucketOwner",
            "server_side_encryption_configuration": [
              {
                "rule": [
                  {
                    "apply_server_side_encryption_by_default": [
                      {
                        "kms_master_key_id": "",
                        "sse_algorithm": "AES256"
                      }
                    ],
                    "bucket_key_enabled": false
                  }
                ]
              }
            ],
            "tags": {},
            "tags_all": {},
            "timeouts": null,
            "versioning": [
              {
                "enabled": true,
                "mfa_delete": false
              }
            ],
            "website": [],
            "website_domain": null,
            "website_endpoint": null
          },
          "sensitive_attributes": [],
          "private": "eyJlMmJmYjczMC1lY2FhLTExZTYtOGY4OC0zNDM2M2JjN2M0YzAiOnsiY3JlYXRlIjoxMjAwMDAwMDAwMDAwLCJkZWxldGUiOjM2MDAwMDAwMDAwMDAsInJlYWQiOjEyMDAwMDAwMDAwMDAsInVwZGF0ZSI6MTIwMDAwMDAwMDAwMH19",
          "dependencies": [
            "random_id.bucket_id"
          ]
        }
      ]
    },
    {
      "mode": "managed",
      "type": "aws_s3_bucket_policy",
      "name": "tts_bucket_policy",
      "provider": "provider[\"registry.terraform.io/hashicorp/aws\"]",
      "instances": [
        {
          "schema_version": 0,
          "attributes": {
            "bucket": "my-bucket-output-01f5679db634e2c9",
            "id": "my-bucket-output-01f5679db634e2c9",
            "policy": "{\"Statement\":[{\"Action\":[\"s3:PutObject\"],\"Effect\":\"Allow\",\"Principal\":{\"AWS\":\"arn:aws:iam::211125502061:role/lambda-execution-role\"},\"Resource\":\"arn:aws:s3:::my-bucket-output-01f5679db634e2c9/*\"}],\"Version\":\"2012-10-17\"}"
          },
          "sensitive_attributes": [],
          "private": "bnVsbA==",
          "dependencies": [
            "aws_iam_role.lambda_role",
            "aws_s3_bucket.tts_bucket",
            "random_id.bucket_id"
          ]
        }
      ]
    },
    {
      "mode": "managed",
      "type": "random_id",
      "name": "bucket_id",
      "provider": "provider[\"registry.terraform.io/hashicorp/random\"]",
      "instances": [
        {
          "schema_version": 0,
          "attributes": {
            "b64_std": "AfVnnbY04sk=",
            "b64_url": "AfVnnbY04sk",
            "byte_length": 8,
            "dec": "141132890396484297",
            "hex": "01f5679db634e2c9",
            "id": "AfVnnbY04sk",
            "keepers": null,
            "prefix": null
          },
          "sensitive_attributes": []
        }
      ]
    }
  ],
  "check_results": null
}
